{
  "version": 4,
  "terraform_version": "1.12.2",
  "serial": 57,
  "lineage": "1b7a9fad-dea3-05ab-db10-01f022647a05",
  "outputs": {
    "app_url": {
      "value": "app-healthcheck-demo.azurewebsites.net",
      "type": "string"
    }
  },
  "resources": [
    {
      "mode": "managed",
      "type": "azurerm_app_service",
      "name": "app",
      "provider": "provider[\"registry.terraform.io/hashicorp/azurerm\"]",
      "instances": [
        {
          "schema_version": 0,
          "attributes": {
            "app_service_plan_id": "/subscriptions/1482102a-3c44-4985-b1ca-75a4b4910399/resourceGroups/rg-healthcheck-demo/providers/Microsoft.Web/serverFarms/asp-healthcheck-demo",
            "app_settings": {
              "DOCKER_REGISTRY_SERVER_URL": "https://index.docker.io",
              "WEBSITES_ENABLE_APP_SERVICE_STORAGE": "false"
            },
            "auth_settings": [
              {
                "active_directory": [],
                "additional_login_params": {},
                "allowed_external_redirect_urls": [],
                "default_provider": "",
                "enabled": false,
                "facebook": [],
                "google": [],
                "issuer": "",
                "microsoft": [],
                "runtime_version": "",
                "token_refresh_extension_hours": 0,
                "token_store_enabled": false,
                "twitter": [],
                "unauthenticated_client_action": ""
              }
            ],
            "backup": [],
            "client_affinity_enabled": false,
            "client_cert_enabled": false,
            "client_cert_mode": "Required",
            "connection_string": [],
            "custom_domain_verification_id": "54BA0EC32E4F72E0FE89505AA9C6772EB154DDD711B6D820067A60758D85FA2A",
            "default_site_hostname": "app-healthcheck-demo.azurewebsites.net",
            "enabled": true,
            "https_only": false,
            "id": "/subscriptions/1482102a-3c44-4985-b1ca-75a4b4910399/resourceGroups/rg-healthcheck-demo/providers/Microsoft.Web/sites/app-healthcheck-demo",
            "identity": [],
            "key_vault_reference_identity_id": "SystemAssigned",
            "location": "westeurope",
            "logs": [
              {
                "application_logs": [
                  {
                    "azure_blob_storage": [],
                    "file_system_level": "Off"
                  }
                ],
                "detailed_error_messages_enabled": false,
                "failed_request_tracing_enabled": false,
                "http_logs": [
                  {
                    "azure_blob_storage": [],
                    "file_system": []
                  }
                ]
              }
            ],
            "name": "app-healthcheck-demo",
            "outbound_ip_address_list": [
              "13.80.253.213",
              "40.114.206.102",
              "13.80.139.234",
              "13.80.249.180",
              "13.69.68.21"
            ],
            "outbound_ip_addresses": "13.80.253.213,40.114.206.102,13.80.139.234,13.80.249.180,13.69.68.21",
            "possible_outbound_ip_address_list": [
              "13.80.253.213",
              "40.114.206.102",
              "13.80.139.234",
              "13.80.249.180",
              "13.80.249.135",
              "40.68.80.231",
              "13.80.249.221",
              "40.114.199.82",
              "40.114.204.68",
              "20.23.162.155",
              "20.23.162.195",
              "20.23.164.3",
              "20.23.164.50",
              "20.23.164.89",
              "20.23.164.177",
              "20.4.152.67",
              "20.4.152.161",
              "20.4.152.189",
              "20.4.153.83",
              "20.4.153.122",
              "20.4.153.198",
              "13.69.68.21"
            ],
            "possible_outbound_ip_addresses": "13.80.253.213,40.114.206.102,13.80.139.234,13.80.249.180,13.80.249.135,40.68.80.231,13.80.249.221,40.114.199.82,40.114.204.68,20.23.162.155,20.23.162.195,20.23.164.3,20.23.164.50,20.23.164.89,20.23.164.177,20.4.152.67,20.4.152.161,20.4.152.189,20.4.153.83,20.4.153.122,20.4.153.198,13.69.68.21",
            "resource_group_name": "rg-healthcheck-demo",
            "site_config": [
              {
                "acr_use_managed_identity_credentials": false,
                "acr_user_managed_identity_client_id": "",
                "always_on": true,
                "app_command_line": "",
                "auto_swap_slot_name": "",
                "cors": [
                  {
                    "allowed_origins": [],
                    "support_credentials": false
                  }
                ],
                "default_documents": null,
                "dotnet_framework_version": "v4.0",
                "ftps_state": "FtpsOnly",
                "health_check_path": "",
                "http2_enabled": false,
                "ip_restriction": [],
                "java_container": "",
                "java_container_version": "",
                "java_version": "",
                "linux_fx_version": "DOCKER|toms1/flask-healthcheck-backend:latest",
                "local_mysql_enabled": false,
                "managed_pipeline_mode": "Integrated",
                "min_tls_version": "1.2",
                "number_of_workers": 1,
                "php_version": "",
                "python_version": "",
                "remote_debugging_enabled": false,
                "remote_debugging_version": "VS2022",
                "scm_ip_restriction": [],
                "scm_type": "None",
                "scm_use_main_ip_restriction": false,
                "use_32_bit_worker_process": false,
                "vnet_route_all_enabled": false,
                "websockets_enabled": false,
                "windows_fx_version": ""
              }
            ],
            "site_credential": [
              {
                "password": "5KmqGEjqfxSHzLwnSkyWnaTLpx8nz872pzKZHtNY2quK8ZCZG4hzDTCYivCh",
                "username": "$app-healthcheck-demo"
              }
            ],
            "source_control": [
              {
                "branch": "main",
                "manual_integration": false,
                "repo_url": "",
                "rollback_enabled": false,
                "use_mercurial": false
              }
            ],
            "storage_account": [],
            "tags": null,
            "timeouts": null
          },
          "sensitive_attributes": [],
          "identity_schema_version": 0,
          "private": "eyJlMmJmYjczMC1lY2FhLTExZTYtOGY4OC0zNDM2M2JjN2M0YzAiOnsiY3JlYXRlIjoxODAwMDAwMDAwMDAwLCJkZWxldGUiOjE4MDAwMDAwMDAwMDAsInJlYWQiOjMwMDAwMDAwMDAwMCwidXBkYXRlIjoxODAwMDAwMDAwMDAwfX0=",
          "dependencies": [
            "azurerm_app_service_plan.app_service_plan",
            "azurerm_resource_group.rg"
          ]
        }
      ]
    },
    {
      "mode": "managed",
      "type": "azurerm_app_service_plan",
      "name": "app_service_plan",
      "provider": "provider[\"registry.terraform.io/hashicorp/azurerm\"]",
      "instances": [
        {
          "schema_version": 1,
          "attributes": {
            "app_service_environment_id": "",
            "id": "/subscriptions/1482102a-3c44-4985-b1ca-75a4b4910399/resourceGroups/rg-healthcheck-demo/providers/Microsoft.Web/serverFarms/asp-healthcheck-demo",
            "is_xenon": false,
            "kind": "linux",
            "location": "westeurope",
            "maximum_elastic_worker_count": 1,
            "maximum_number_of_workers": 3,
            "name": "asp-healthcheck-demo",
            "per_site_scaling": false,
            "reserved": true,
            "resource_group_name": "rg-healthcheck-demo",
            "sku": [
              {
                "capacity": 1,
                "size": "B1",
                "tier": "Basic"
              }
            ],
            "tags": null,
            "timeouts": null,
            "zone_redundant": false
          },
          "sensitive_attributes": [],
          "identity_schema_version": 0,
          "private": "eyJlMmJmYjczMC1lY2FhLTExZTYtOGY4OC0zNDM2M2JjN2M0YzAiOnsiY3JlYXRlIjozNjAwMDAwMDAwMDAwLCJkZWxldGUiOjM2MDAwMDAwMDAwMDAsInJlYWQiOjMwMDAwMDAwMDAwMCwidXBkYXRlIjozNjAwMDAwMDAwMDAwfSwic2NoZW1hX3ZlcnNpb24iOiIxIn0=",
          "dependencies": [
            "azurerm_resource_group.rg"
          ]
        }
      ]
    },
    {
      "mode": "managed",
      "type": "azurerm_resource_group",
      "name": "rg",
      "provider": "provider[\"registry.terraform.io/hashicorp/azurerm\"]",
      "instances": [
        {
          "schema_version": 0,
          "attributes": {
            "id": "/subscriptions/1482102a-3c44-4985-b1ca-75a4b4910399/resourceGroups/rg-healthcheck-demo",
            "location": "westeurope",
            "managed_by": "",
            "name": "rg-healthcheck-demo",
            "tags": null,
            "timeouts": null
          },
          "sensitive_attributes": [],
          "identity_schema_version": 0,
          "private": "eyJlMmJmYjczMC1lY2FhLTExZTYtOGY4OC0zNDM2M2JjN2M0YzAiOnsiY3JlYXRlIjo1NDAwMDAwMDAwMDAwLCJkZWxldGUiOjU0MDAwMDAwMDAwMDAsInJlYWQiOjMwMDAwMDAwMDAwMCwidXBkYXRlIjo1NDAwMDAwMDAwMDAwfX0="
        }
      ]
    },
    {
      "mode": "managed",
      "type": "azurerm_static_site",
      "name": "example",
      "provider": "provider[\"registry.terraform.io/hashicorp/azurerm\"]",
      "instances": [
        {
          "schema_version": 0,
          "attributes": {
            "api_key": "e9b9aed2a0ce7c8b0b8c482e6fce6454ff224728790ce9241177eb084af0e0c306-96fe4e06-2474-4e47-93cf-852f13120f5a003031508de22e03",
            "app_settings": null,
            "default_host_name": "gray-grass-08de22e03.6.azurestaticapps.net",
            "id": "/subscriptions/1482102a-3c44-4985-b1ca-75a4b4910399/resourceGroups/rg-healthcheck-demo/providers/Microsoft.Web/staticSites/example-static-site",
            "identity": [],
            "location": "westeurope",
            "name": "example-static-site",
            "resource_group_name": "rg-healthcheck-demo",
            "sku_size": "Free",
            "sku_tier": "Free",
            "tags": null,
            "timeouts": null
          },
          "sensitive_attributes": [
            [
              {
                "type": "get_attr",
                "value": "api_key"
              }
            ]
          ],
          "identity_schema_version": 0,
          "private": "eyJlMmJmYjczMC1lY2FhLTExZTYtOGY4OC0zNDM2M2JjN2M0YzAiOnsiY3JlYXRlIjoxODAwMDAwMDAwMDAwLCJkZWxldGUiOjE4MDAwMDAwMDAwMDAsInJlYWQiOjMwMDAwMDAwMDAwMCwidXBkYXRlIjoxODAwMDAwMDAwMDAwfX0=",
          "dependencies": [
            "azurerm_resource_group.rg"
          ]
        }
      ]
    }
  ],
  "check_results": null
}
